{
  "name": "assets",
  "lockfileVersion": 3,
  "requires": true,
  "packages": {
    "": {
      "dependencies": {
        "@mux/mux-player": "^3.4.0",
        "@mux/mux-uploader": "^1.2.0",
        "daisyui": "^4.12.14",
        "embla-carousel": "^8.6.0"
      }
    },
    "node_modules/@mux/mux-player": {
      "version": "3.4.0",
      "resolved": "https://registry.npmjs.org/@mux/mux-player/-/mux-player-3.4.0.tgz",
      "integrity": "sha512-+EK0w+Uw9RPod7VKgMojnUpyE3uK6C37+hwAyuL297wm5aHxsIevWdQMdUOJonsJpQ0MfjnZXMzqLOTEjTgXHQ==",
      "dependencies": {
        "@mux/mux-video": "0.25.2",
        "@mux/playback-core": "0.29.0",
        "media-chrome": "~4.9.1",
        "player.style": "^0.1.8"
      }
    },
    "node_modules/@mux/mux-uploader": {
      "version": "1.2.0",
      "resolved": "https://registry.npmjs.org/@mux/mux-uploader/-/mux-uploader-1.2.0.tgz",
      "integrity": "sha512-4uC7IKf4WpjMLYrjW0UhOW51BkBw0CmZ3d5oNpOEd9GtXobLwRvGp4gwMdDggxhcGhtmFXcwzFTR7TVjFo0GnA==",
      "dependencies": {
        "@mux/upchunk": "^3.5.0"
      }
    },
    "node_modules/@mux/mux-video": {
      "version": "0.25.2",
      "resolved": "https://registry.npmjs.org/@mux/mux-video/-/mux-video-0.25.2.tgz",
      "integrity": "sha512-mP7WTyAcoZemf298OhaDLuTvOZq8wGCtuVMwBO34BR6Lol8JBg0nqb9O3QHfGLIAV+yaTJcODeZk76Ml/jYbDw==",
      "dependencies": {
        "@mux/playback-core": "0.29.0",
        "castable-video": "~1.1.7",
        "custom-media-element": "~1.4.2",
        "media-tracks": "~0.3.3"
      }
    },
    "node_modules/@mux/playback-core": {
      "version": "0.29.0",
      "resolved": "https://registry.npmjs.org/@mux/playback-core/-/playback-core-0.29.0.tgz",
      "integrity": "sha512-Bd12B1pW/1o6+Z+FXIs0ejlS5ejzApCX4sTd/Jn/bqxmOYA2tR7HjTq856hSGd441WtJQmfm/aNT5oDK9UyTSA==",
      "dependencies": {
        "hls.js": "~1.5.19",
        "mux-embed": "^5.8.3"
      }
    },
    "node_modules/@mux/upchunk": {
      "version": "3.5.0",
      "resolved": "https://registry.npmjs.org/@mux/upchunk/-/upchunk-3.5.0.tgz",
      "integrity": "sha512-D+TtvlujlZQjh5I+vFzJ31h5E1uVpEaLdR8M3BNaCFbVLnFMZs8J/L/fYSUyVGnyHT/yDtPHn/IHKdo3G6oSjA==",
      "dependencies": {
        "event-target-shim": "^6.0.2",
        "xhr": "^2.6.0"
      }
    },
    "node_modules/@vercel/edge": {
      "version": "1.2.1",
      "resolved": "https://registry.npmjs.org/@vercel/edge/-/edge-1.2.1.tgz",
      "integrity": "sha512-1++yncEyIAi68D3UEOlytYb1IUcIulMWdoSzX2h9LuSeeyR7JtaIgR8DcTQ6+DmYOQn+5MCh6LY+UmK6QBByNA==",
      "deprecated": "This package is deprecated. You should to use `@vercel/functions` instead."
    },
    "node_modules/camelcase-css": {
      "version": "2.0.1",
      "resolved": "https://registry.npmjs.org/camelcase-css/-/camelcase-css-2.0.1.tgz",
      "integrity": "sha512-QOSvevhslijgYwRx6Rv7zKdMF8lbRmx+uQGx2+vDc+KI/eBnsy9kit5aj23AgGu3pa4t9AgwbnXWqS+iOY+2aA==",
      "engines": {
        "node": ">= 6"
      }
    },
    "node_modules/castable-video": {
      "version": "1.1.8",
      "resolved": "https://registry.npmjs.org/castable-video/-/castable-video-1.1.8.tgz",
      "integrity": "sha512-86xTxbVoIIX0gnorM10pl7ScdELdqPTMInvzSjQM/YbMxq7ml7OosCMYbZi0O4bZwgsN3Dq75o+XLb0q6dGtIA==",
      "dependencies": {
        "custom-media-element": "~1.4.3"
      }
    },
    "node_modules/ce-la-react": {
      "version": "0.1.3",
      "resolved": "https://registry.npmjs.org/ce-la-react/-/ce-la-react-0.1.3.tgz",
      "integrity": "sha512-zZwEEJv9XukeEGbswQXObaDJjYAufOIilSnDg4BWCpKNEYN84H9fpaB+wl+rYKWOIH4wBBPbLnOxKvDIwsL/JQ==",
      "peerDependencies": {
        "react": ">=17.0.0"
      }
    },
    "node_modules/css-selector-tokenizer": {
      "version": "0.8.0",
      "resolved": "https://registry.npmjs.org/css-selector-tokenizer/-/css-selector-tokenizer-0.8.0.tgz",
      "integrity": "sha512-Jd6Ig3/pe62/qe5SBPTN8h8LeUg/pT4lLgtavPf7updwwHpvFzxvOQBHYj2LZDMjUnBzgvIUSjRcf6oT5HzHFg==",
      "dependencies": {
        "cssesc": "^3.0.0",
        "fastparse": "^1.1.2"
      }
    },
    "node_modules/cssesc": {
      "version": "3.0.0",
      "resolved": "https://registry.npmjs.org/cssesc/-/cssesc-3.0.0.tgz",
      "integrity": "sha512-/Tb/JcjK111nNScGob5MNtsntNM1aCNUDipB/TkwZFhyDrrE47SOx/18wF2bbjgc3ZzCSKW1T5nt5EbFoAz/Vg==",
      "bin": {
        "cssesc": "bin/cssesc"
      },
      "engines": {
        "node": ">=4"
      }
    },
    "node_modules/culori": {
      "version": "3.3.0",
      "resolved": "https://registry.npmjs.org/culori/-/culori-3.3.0.tgz",
      "integrity": "sha512-pHJg+jbuFsCjz9iclQBqyL3B2HLCBF71BwVNujUYEvCeQMvV97R59MNK3R2+jgJ3a1fcZgI9B3vYgz8lzr/BFQ==",
      "engines": {
        "node": "^12.20.0 || ^14.13.1 || >=16.0.0"
      }
    },
    "node_modules/custom-media-element": {
      "version": "1.4.3",
      "resolved": "https://registry.npmjs.org/custom-media-element/-/custom-media-element-1.4.3.tgz",
      "integrity": "sha512-6DAQAC9VfpdUEc684Kr1Uvw+49vKUY3+hAQcBrqMNL577PeA8eM8YgpOmbySoTZ517EIqSVFrXH2nu8gqFJS4g=="
    },
    "node_modules/daisyui": {
      "version": "4.12.14",
      "resolved": "https://registry.npmjs.org/daisyui/-/daisyui-4.12.14.tgz",
      "integrity": "sha512-hA27cdBasdwd4/iEjn+aidoCrRroDuo3G5W9NDKaVCJI437Mm/3eSL/2u7MkZ0pt8a+TrYF3aT2pFVemTS3how==",
      "dependencies": {
        "css-selector-tokenizer": "^0.8",
        "culori": "^3",
        "picocolors": "^1",
        "postcss-js": "^4"
      },
      "engines": {
        "node": ">=16.9.0"
      },
      "funding": {
        "type": "opencollective",
        "url": "https://opencollective.com/daisyui"
      }
    },
    "node_modules/dom-walk": {
      "version": "0.1.2",
      "resolved": "https://registry.npmjs.org/dom-walk/-/dom-walk-0.1.2.tgz",
      "integrity": "sha512-6QvTW9mrGeIegrFXdtQi9pk7O/nSK6lSdXW2eqUspN5LWD7UTji2Fqw5V2YLjBpHEoU9Xl/eUWNpDeZvoyOv2w=="
    },
    "node_modules/embla-carousel": {
      "version": "8.6.0",
      "resolved": "https://registry.npmjs.org/embla-carousel/-/embla-carousel-8.6.0.tgz",
      "integrity": "sha512-SjWyZBHJPbqxHOzckOfo8lHisEaJWmwd23XppYFYVh10bU66/Pn5tkVkbkCMZVdbUE5eTCI2nD8OyIP4Z+uwkA=="
    },
    "node_modules/event-target-shim": {
      "version": "6.0.2",
      "resolved": "https://registry.npmjs.org/event-target-shim/-/event-target-shim-6.0.2.tgz",
      "integrity": "sha512-8q3LsZjRezbFZ2PN+uP+Q7pnHUMmAOziU2vA2OwoFaKIXxlxl38IylhSSgUorWu/rf4er67w0ikBqjBFk/pomA==",
      "engines": {
        "node": ">=10.13.0"
      },
      "funding": {
        "url": "https://github.com/sponsors/mysticatea"
      }
    },
    "node_modules/fastparse": {
      "version": "1.1.2",
      "resolved": "https://registry.npmjs.org/fastparse/-/fastparse-1.1.2.tgz",
      "integrity": "sha512-483XLLxTVIwWK3QTrMGRqUfUpoOs/0hbQrl2oz4J0pAcm3A3bu84wxTFqGqkJzewCLdME38xJLJAxBABfQT8sQ=="
    },
    "node_modules/global": {
      "version": "4.4.0",
      "resolved": "https://registry.npmjs.org/global/-/global-4.4.0.tgz",
      "integrity": "sha512-wv/LAoHdRE3BeTGz53FAamhGlPLhlssK45usmGFThIi4XqnBmjKQ16u+RNbP7WvigRZDxUsM0J3gcQ5yicaL0w==",
      "dependencies": {
        "min-document": "^2.19.0",
        "process": "^0.11.10"
      }
    },
    "node_modules/hls.js": {
      "version": "1.5.20",
      "resolved": "https://registry.npmjs.org/hls.js/-/hls.js-1.5.20.tgz",
      "integrity": "sha512-uu0VXUK52JhihhnN/MVVo1lvqNNuhoxkonqgO3IpjvQiGpJBdIXMGkofjQb/j9zvV7a1SW8U9g1FslWx/1HOiQ=="
    },
    "node_modules/is-function": {
      "version": "1.0.2",
      "resolved": "https://registry.npmjs.org/is-function/-/is-function-1.0.2.tgz",
      "integrity": "sha512-lw7DUp0aWXYg+CBCN+JKkcE0Q2RayZnSvnZBlwgxHBQhqt5pZNVy4Ri7H9GmmXkdu7LUthszM+Tor1u/2iBcpQ=="
    },
    "node_modules/media-chrome": {
      "version": "4.9.1",
      "resolved": "https://registry.npmjs.org/media-chrome/-/media-chrome-4.9.1.tgz",
      "integrity": "sha512-lOdYhWVCYg0Az2VnVKPoE/eUflVrNyauHg8cLa/ibsBg4CB6RhRQBTdQsq36NuiSNSQU0B3vtmaTNFTUFT12RA==",
      "dependencies": {
        "@vercel/edge": "^1.2.1",
        "ce-la-react": "^0.1.3"
      }
    },
    "node_modules/media-tracks": {
      "version": "0.3.3",
      "resolved": "https://registry.npmjs.org/media-tracks/-/media-tracks-0.3.3.tgz",
      "integrity": "sha512-9P2FuUHnZZ3iji+2RQk7Zkh5AmZTnOG5fODACnjhCVveX1McY3jmCRHofIEI+yTBqplz7LXy48c7fQ3Uigp88w=="
    },
    "node_modules/min-document": {
      "version": "2.19.0",
      "resolved": "https://registry.npmjs.org/min-document/-/min-document-2.19.0.tgz",
      "integrity": "sha512-9Wy1B3m3f66bPPmU5hdA4DR4PB2OfDU/+GS3yAB7IQozE3tqXaVv2zOjgla7MEGSRv95+ILmOuvhLkOK6wJtCQ==",
      "dependencies": {
        "dom-walk": "^0.1.0"
      }
    },
    "node_modules/mux-embed": {
      "version": "5.9.0",
      "resolved": "https://registry.npmjs.org/mux-embed/-/mux-embed-5.9.0.tgz",
      "integrity": "sha512-wmunL3uoPhma/tWy8PrDPZkvJpXvSFBwbD3KkC4PG8Ztjfb1X3hRJwGUAQyRz7z99b/ovLm2UTTitrkvStjH4w=="
    },
    "node_modules/nanoid": {
      "version": "3.3.8",
      "resolved": "https://registry.npmjs.org/nanoid/-/nanoid-3.3.8.tgz",
      "integrity": "sha512-WNLf5Sd8oZxOm+TzppcYk8gVOgP+l58xNy58D0nbUnOxOWRWvlcCV4kUF7ltmI6PsrLl/BgKEyS4mqsGChFN0w==",
      "funding": [
        {
          "type": "github",
          "url": "https://github.com/sponsors/ai"
        }
      ],
      "peer": true,
      "bin": {
        "nanoid": "bin/nanoid.cjs"
      },
      "engines": {
        "node": "^10 || ^12 || ^13.7 || ^14 || >=15.0.1"
      }
    },
    "node_modules/parse-headers": {
      "version": "2.0.6",
      "resolved": "https://registry.npmjs.org/parse-headers/-/parse-headers-2.0.6.tgz",
      "integrity": "sha512-Tz11t3uKztEW5FEVZnj1ox8GKblWn+PvHY9TmJV5Mll2uHEwRdR/5Li1OlXoECjLYkApdhWy44ocONwXLiKO5A=="
    },
    "node_modules/picocolors": {
      "version": "1.1.1",
      "resolved": "https://registry.npmjs.org/picocolors/-/picocolors-1.1.1.tgz",
      "integrity": "sha512-xceH2snhtb5M9liqDsmEw56le376mTZkEX/jEb/RxNFyegNul7eNslCXP9FDj/Lcu0X8KEyMceP2ntpaHrDEVA=="
    },
    "node_modules/player.style": {
      "version": "0.1.8",
      "resolved": "https://registry.npmjs.org/player.style/-/player.style-0.1.8.tgz",
      "integrity": "sha512-r/k2gX1IS3tIH/MQJsXQ0pt54s0NqQ70jSePQSKBlu1Rwf/qqdFUmSKACL10ebS48B0VioclwbvKzBnqgb52Tw==",
      "dependencies": {
        "media-chrome": "~4.9.0"
      }
    },
    "node_modules/postcss": {
      "version": "8.4.49",
      "resolved": "https://registry.npmjs.org/postcss/-/postcss-8.4.49.tgz",
      "integrity": "sha512-OCVPnIObs4N29kxTjzLfUryOkvZEq+pf8jTF0lg8E7uETuWHA+v7j3c/xJmiqpX450191LlmZfUKkXxkTry7nA==",
      "funding": [
        {
          "type": "opencollective",
          "url": "https://opencollective.com/postcss/"
        },
        {
          "type": "tidelift",
          "url": "https://tidelift.com/funding/github/npm/postcss"
        },
        {
          "type": "github",
          "url": "https://github.com/sponsors/ai"
        }
      ],
      "peer": true,
      "dependencies": {
        "nanoid": "^3.3.7",
        "picocolors": "^1.1.1",
        "source-map-js": "^1.2.1"
      },
      "engines": {
        "node": "^10 || ^12 || >=14"
      }
    },
    "node_modules/postcss-js": {
      "version": "4.0.1",
      "resolved": "https://registry.npmjs.org/postcss-js/-/postcss-js-4.0.1.tgz",
      "integrity": "sha512-dDLF8pEO191hJMtlHFPRa8xsizHaM82MLfNkUHdUtVEV3tgTp5oj+8qbEqYM57SLfc74KSbw//4SeJma2LRVIw==",
      "dependencies": {
        "camelcase-css": "^2.0.1"
      },
      "engines": {
        "node": "^12 || ^14 || >= 16"
      },
      "funding": {
        "type": "opencollective",
        "url": "https://opencollective.com/postcss/"
      },
      "peerDependencies": {
        "postcss": "^8.4.21"
      }
    },
    "node_modules/process": {
      "version": "0.11.10",
      "resolved": "https://registry.npmjs.org/process/-/process-0.11.10.tgz",
      "integrity": "sha512-cdGef/drWFoydD1JsMzuFf8100nZl+GT+yacc2bEced5f9Rjk4z+WtFUTBu9PhOi9j/jfmBPu0mMEY4wIdAF8A==",
      "engines": {
        "node": ">= 0.6.0"
      }
    },
    "node_modules/react": {
      "version": "19.1.0",
      "resolved": "https://registry.npmjs.org/react/-/react-19.1.0.tgz",
      "integrity": "sha512-FS+XFBNvn3GTAWq26joslQgWNoFu08F4kl0J4CgdNKADkdSGXQyTCnKteIAJy96Br6YbpEU1LSzV5dYtjMkMDg==",
      "peer": true,
      "engines": {
        "node": ">=0.10.0"
      }
    },
    "node_modules/source-map-js": {
      "version": "1.2.1",
      "resolved": "https://registry.npmjs.org/source-map-js/-/source-map-js-1.2.1.tgz",
      "integrity": "sha512-UXWMKhLOwVKb728IUtQPXxfYU+usdybtUrK/8uGE8CQMvrhOpwvzDBwj0QhSL7MQc7vIsISBG8VQ8+IDQxpfQA==",
      "peer": true,
      "engines": {
        "node": ">=0.10.0"
      }
    },
    "node_modules/xhr": {
      "version": "2.6.0",
      "resolved": "https://registry.npmjs.org/xhr/-/xhr-2.6.0.tgz",
      "integrity": "sha512-/eCGLb5rxjx5e3mF1A7s+pLlR6CGyqWN91fv1JgER5mVWg1MZmlhBvy9kjcsOdRk8RrIujotWyJamfyrp+WIcA==",
      "dependencies": {
        "global": "~4.4.0",
        "is-function": "^1.0.1",
        "parse-headers": "^2.0.0",
        "xtend": "^4.0.0"
      }
    },
    "node_modules/xtend": {
      "version": "4.0.2",
      "resolved": "https://registry.npmjs.org/xtend/-/xtend-4.0.2.tgz",
      "integrity": "sha512-LKYU1iAXJXUgAXn9URjiu+MWhyUXHsvfp7mcuYm9dSUKK0/CjtrUwFAxD82/mCWbtLsGjFIad0wIsod4zrTAEQ==",
      "engines": {
        "node": ">=0.4"
      }
    }
  }
}
