{
  "name": "assets",
  "lockfileVersion": 3,
  "requires": true,
  "packages": {
    "": {
      "dependencies": {
        "@mux/mux-player": "^3.4.0",
        "@mux/mux-uploader": "^1.2.0",
        "daisyui": "^5.5.5",
        "embla-carousel": "^8.6.0"
      },
      "devDependencies": {
        "tailwindcss": "^4.0.0"
      }
    },
    "node_modules/@mux/mux-player": {
      "version": "3.4.0",
      "resolved": "https://registry.npmjs.org/@mux/mux-player/-/mux-player-3.4.0.tgz",
      "integrity": "sha512-+EK0w+Uw9RPod7VKgMojnUpyE3uK6C37+hwAyuL297wm5aHxsIevWdQMdUOJonsJpQ0MfjnZXMzqLOTEjTgXHQ==",
      "dependencies": {
        "@mux/mux-video": "0.25.2",
        "@mux/playback-core": "0.29.0",
        "media-chrome": "~4.9.1",
        "player.style": "^0.1.8"
      }
    },
    "node_modules/@mux/mux-uploader": {
      "version": "1.2.0",
      "resolved": "https://registry.npmjs.org/@mux/mux-uploader/-/mux-uploader-1.2.0.tgz",
      "integrity": "sha512-4uC7IKf4WpjMLYrjW0UhOW51BkBw0CmZ3d5oNpOEd9GtXobLwRvGp4gwMdDggxhcGhtmFXcwzFTR7TVjFo0GnA==",
      "dependencies": {
        "@mux/upchunk": "^3.5.0"
      }
    },
    "node_modules/@mux/mux-video": {
      "version": "0.25.2",
      "resolved": "https://registry.npmjs.org/@mux/mux-video/-/mux-video-0.25.2.tgz",
      "integrity": "sha512-mP7WTyAcoZemf298OhaDLuTvOZq8wGCtuVMwBO34BR6Lol8JBg0nqb9O3QHfGLIAV+yaTJcODeZk76Ml/jYbDw==",
      "dependencies": {
        "@mux/playback-core": "0.29.0",
        "castable-video": "~1.1.7",
        "custom-media-element": "~1.4.2",
        "media-tracks": "~0.3.3"
      }
    },
    "node_modules/@mux/playback-core": {
      "version": "0.29.0",
      "resolved": "https://registry.npmjs.org/@mux/playback-core/-/playback-core-0.29.0.tgz",
      "integrity": "sha512-Bd12B1pW/1o6+Z+FXIs0ejlS5ejzApCX4sTd/Jn/bqxmOYA2tR7HjTq856hSGd441WtJQmfm/aNT5oDK9UyTSA==",
      "dependencies": {
        "hls.js": "~1.5.19",
        "mux-embed": "^5.8.3"
      }
    },
    "node_modules/@mux/upchunk": {
      "version": "3.5.0",
      "resolved": "https://registry.npmjs.org/@mux/upchunk/-/upchunk-3.5.0.tgz",
      "integrity": "sha512-D+TtvlujlZQjh5I+vFzJ31h5E1uVpEaLdR8M3BNaCFbVLnFMZs8J/L/fYSUyVGnyHT/yDtPHn/IHKdo3G6oSjA==",
      "dependencies": {
        "event-target-shim": "^6.0.2",
        "xhr": "^2.6.0"
      }
    },
    "node_modules/@vercel/edge": {
      "version": "1.2.1",
      "resolved": "https://registry.npmjs.org/@vercel/edge/-/edge-1.2.1.tgz",
      "integrity": "sha512-1++yncEyIAi68D3UEOlytYb1IUcIulMWdoSzX2h9LuSeeyR7JtaIgR8DcTQ6+DmYOQn+5MCh6LY+UmK6QBByNA==",
      "deprecated": "This package is deprecated. You should to use `@vercel/functions` instead."
    },
    "node_modules/castable-video": {
      "version": "1.1.8",
      "resolved": "https://registry.npmjs.org/castable-video/-/castable-video-1.1.8.tgz",
      "integrity": "sha512-86xTxbVoIIX0gnorM10pl7ScdELdqPTMInvzSjQM/YbMxq7ml7OosCMYbZi0O4bZwgsN3Dq75o+XLb0q6dGtIA==",
      "dependencies": {
        "custom-media-element": "~1.4.3"
      }
    },
    "node_modules/ce-la-react": {
      "version": "0.1.3",
      "resolved": "https://registry.npmjs.org/ce-la-react/-/ce-la-react-0.1.3.tgz",
      "integrity": "sha512-zZwEEJv9XukeEGbswQXObaDJjYAufOIilSnDg4BWCpKNEYN84H9fpaB+wl+rYKWOIH4wBBPbLnOxKvDIwsL/JQ==",
      "peerDependencies": {
        "react": ">=17.0.0"
      }
    },
    "node_modules/custom-media-element": {
      "version": "1.4.3",
      "resolved": "https://registry.npmjs.org/custom-media-element/-/custom-media-element-1.4.3.tgz",
      "integrity": "sha512-6DAQAC9VfpdUEc684Kr1Uvw+49vKUY3+hAQcBrqMNL577PeA8eM8YgpOmbySoTZ517EIqSVFrXH2nu8gqFJS4g=="
    },
    "node_modules/daisyui": {
      "version": "5.5.5",
      "resolved": "https://registry.npmjs.org/daisyui/-/daisyui-5.5.5.tgz",
      "integrity": "sha512-ekvI93ZkWIJoCOtDl0D2QMxnWvTejk9V5nWBqRv+7t0xjiBXqAK5U6o6JE2RPvlIC3EqwNyUoIZSdHX9MZK3nw==",
      "license": "MIT",
      "funding": {
        "url": "https://github.com/saadeghi/daisyui?sponsor=1"
      }
    },
    "node_modules/dom-walk": {
      "version": "0.1.2",
      "resolved": "https://registry.npmjs.org/dom-walk/-/dom-walk-0.1.2.tgz",
      "integrity": "sha512-6QvTW9mrGeIegrFXdtQi9pk7O/nSK6lSdXW2eqUspN5LWD7UTji2Fqw5V2YLjBpHEoU9Xl/eUWNpDeZvoyOv2w=="
    },
    "node_modules/embla-carousel": {
      "version": "8.6.0",
      "resolved": "https://registry.npmjs.org/embla-carousel/-/embla-carousel-8.6.0.tgz",
      "integrity": "sha512-SjWyZBHJPbqxHOzckOfo8lHisEaJWmwd23XppYFYVh10bU66/Pn5tkVkbkCMZVdbUE5eTCI2nD8OyIP4Z+uwkA=="
    },
    "node_modules/event-target-shim": {
      "version": "6.0.2",
      "resolved": "https://registry.npmjs.org/event-target-shim/-/event-target-shim-6.0.2.tgz",
      "integrity": "sha512-8q3LsZjRezbFZ2PN+uP+Q7pnHUMmAOziU2vA2OwoFaKIXxlxl38IylhSSgUorWu/rf4er67w0ikBqjBFk/pomA==",
      "engines": {
        "node": ">=10.13.0"
      },
      "funding": {
        "url": "https://github.com/sponsors/mysticatea"
      }
    },
    "node_modules/global": {
      "version": "4.4.0",
      "resolved": "https://registry.npmjs.org/global/-/global-4.4.0.tgz",
      "integrity": "sha512-wv/LAoHdRE3BeTGz53FAamhGlPLhlssK45usmGFThIi4XqnBmjKQ16u+RNbP7WvigRZDxUsM0J3gcQ5yicaL0w==",
      "dependencies": {
        "min-document": "^2.19.0",
        "process": "^0.11.10"
      }
    },
    "node_modules/hls.js": {
      "version": "1.5.20",
      "resolved": "https://registry.npmjs.org/hls.js/-/hls.js-1.5.20.tgz",
      "integrity": "sha512-uu0VXUK52JhihhnN/MVVo1lvqNNuhoxkonqgO3IpjvQiGpJBdIXMGkofjQb/j9zvV7a1SW8U9g1FslWx/1HOiQ=="
    },
    "node_modules/is-function": {
      "version": "1.0.2",
      "resolved": "https://registry.npmjs.org/is-function/-/is-function-1.0.2.tgz",
      "integrity": "sha512-lw7DUp0aWXYg+CBCN+JKkcE0Q2RayZnSvnZBlwgxHBQhqt5pZNVy4Ri7H9GmmXkdu7LUthszM+Tor1u/2iBcpQ=="
    },
    "node_modules/media-chrome": {
      "version": "4.9.1",
      "resolved": "https://registry.npmjs.org/media-chrome/-/media-chrome-4.9.1.tgz",
      "integrity": "sha512-lOdYhWVCYg0Az2VnVKPoE/eUflVrNyauHg8cLa/ibsBg4CB6RhRQBTdQsq36NuiSNSQU0B3vtmaTNFTUFT12RA==",
      "dependencies": {
        "@vercel/edge": "^1.2.1",
        "ce-la-react": "^0.1.3"
      }
    },
    "node_modules/media-tracks": {
      "version": "0.3.3",
      "resolved": "https://registry.npmjs.org/media-tracks/-/media-tracks-0.3.3.tgz",
      "integrity": "sha512-9P2FuUHnZZ3iji+2RQk7Zkh5AmZTnOG5fODACnjhCVveX1McY3jmCRHofIEI+yTBqplz7LXy48c7fQ3Uigp88w=="
    },
    "node_modules/min-document": {
      "version": "2.19.0",
      "resolved": "https://registry.npmjs.org/min-document/-/min-document-2.19.0.tgz",
      "integrity": "sha512-9Wy1B3m3f66bPPmU5hdA4DR4PB2OfDU/+GS3yAB7IQozE3tqXaVv2zOjgla7MEGSRv95+ILmOuvhLkOK6wJtCQ==",
      "dependencies": {
        "dom-walk": "^0.1.0"
      }
    },
    "node_modules/mux-embed": {
      "version": "5.9.0",
      "resolved": "https://registry.npmjs.org/mux-embed/-/mux-embed-5.9.0.tgz",
      "integrity": "sha512-wmunL3uoPhma/tWy8PrDPZkvJpXvSFBwbD3KkC4PG8Ztjfb1X3hRJwGUAQyRz7z99b/ovLm2UTTitrkvStjH4w=="
    },
    "node_modules/parse-headers": {
      "version": "2.0.6",
      "resolved": "https://registry.npmjs.org/parse-headers/-/parse-headers-2.0.6.tgz",
      "integrity": "sha512-Tz11t3uKztEW5FEVZnj1ox8GKblWn+PvHY9TmJV5Mll2uHEwRdR/5Li1OlXoECjLYkApdhWy44ocONwXLiKO5A=="
    },
    "node_modules/player.style": {
      "version": "0.1.8",
      "resolved": "https://registry.npmjs.org/player.style/-/player.style-0.1.8.tgz",
      "integrity": "sha512-r/k2gX1IS3tIH/MQJsXQ0pt54s0NqQ70jSePQSKBlu1Rwf/qqdFUmSKACL10ebS48B0VioclwbvKzBnqgb52Tw==",
      "dependencies": {
        "media-chrome": "~4.9.0"
      }
    },
    "node_modules/process": {
      "version": "0.11.10",
      "resolved": "https://registry.npmjs.org/process/-/process-0.11.10.tgz",
      "integrity": "sha512-cdGef/drWFoydD1JsMzuFf8100nZl+GT+yacc2bEced5f9Rjk4z+WtFUTBu9PhOi9j/jfmBPu0mMEY4wIdAF8A==",
      "engines": {
        "node": ">= 0.6.0"
      }
    },
    "node_modules/react": {
      "version": "19.1.0",
      "resolved": "https://registry.npmjs.org/react/-/react-19.1.0.tgz",
      "integrity": "sha512-FS+XFBNvn3GTAWq26joslQgWNoFu08F4kl0J4CgdNKADkdSGXQyTCnKteIAJy96Br6YbpEU1LSzV5dYtjMkMDg==",
      "peer": true,
      "engines": {
        "node": ">=0.10.0"
      }
    },
    "node_modules/tailwindcss": {
      "version": "4.0.0",
      "resolved": "https://registry.npmjs.org/tailwindcss/-/tailwindcss-4.0.0.tgz",
      "integrity": "sha512-ULRPI3A+e39T7pSaf1xoi58AqqJxVCLg8F/uM5A3FadUbnyDTgltVnXJvdkTjwCOGA6NazqHVcwPJC5h2vRYVQ==",
      "dev": true,
      "license": "MIT"
    },
    "node_modules/xhr": {
      "version": "2.6.0",
      "resolved": "https://registry.npmjs.org/xhr/-/xhr-2.6.0.tgz",
      "integrity": "sha512-/eCGLb5rxjx5e3mF1A7s+pLlR6CGyqWN91fv1JgER5mVWg1MZmlhBvy9kjcsOdRk8RrIujotWyJamfyrp+WIcA==",
      "dependencies": {
        "global": "~4.4.0",
        "is-function": "^1.0.1",
        "parse-headers": "^2.0.0",
        "xtend": "^4.0.0"
      }
    },
    "node_modules/xtend": {
      "version": "4.0.2",
      "resolved": "https://registry.npmjs.org/xtend/-/xtend-4.0.2.tgz",
      "integrity": "sha512-LKYU1iAXJXUgAXn9URjiu+MWhyUXHsvfp7mcuYm9dSUKK0/CjtrUwFAxD82/mCWbtLsGjFIad0wIsod4zrTAEQ==",
      "engines": {
        "node": ">=0.4"
      }
    }
  }
}
